
Microsoft Visual Studio Solution File, Format Version 12.00
# Blend for Visual Studio Version 16
VisualStudioVersion = 16.0.31424.327
MinimumVisualStudioVersion = 10.0.40219.1
Project("{FAE04EC0-301F-11D3-BF4B-00C04F79EFBC}") = "SignIn", "SignIn.csproj", "{ABEB9826-2C54-4CBB-8BDF-4DAA996AE3CE}"
EndProject
Global
	GlobalSection(SolutionConfigurationPlatforms) = preSolution
		Debug|Any CPU = Debug|Any CPU
		Release|Any CPU = Release|Any CPU
	EndGlobalSection
	GlobalSection(ProjectConfigurationPlatforms) = postSolution
		{ABEB9826-2C54-4CBB-8BDF-4DAA996AE3CE}.Debug|Any CPU.ActiveCfg = Debug|Any CPU
		{ABEB9826-2C54-4CBB-8BDF-4DAA996AE3CE}.Debug|Any CPU.Build.0 = Debug|Any CPU
		{ABEB9826-2C54-4CBB-8BDF-4DAA996AE3CE}.Release|Any CPU.ActiveCfg = Release|Any CPU
		{ABEB9826-2C54-4CBB-8BDF-4DAA996AE3CE}.Release|Any CPU.Build.0 = Release|Any CPU
	EndGlobalSection
	GlobalSection(SolutionProperties) = preSolution
		HideSolutionNode = FALSE
	EndGlobalSection
	GlobalSection(ExtensibilityGlobals) = postSolution
		SolutionGuid = {ACE15E6D-A52F-4A47-AD7C-89790967B105}
	EndGlobalSection
EndGlobal
